// !$*UTF8*$!
{
	archiveVersion = 1;
	classes = {
	};
	objectVersion = 51;
	objects = {

/* Begin PBXBuildFile section */
		2129C59E694A27F3DC293212 /* Pods_Hackathon_izuTests.framework in Frameworks */ = {isa = PBXBuildFile; fileRef = 40DC1F94BE44406903054378 /* Pods_Hackathon_izuTests.framework */; };
		5B0947552660D9FC00EB9517 /* SearchWindow.storyboard in Resources */ = {isa = PBXBuildFile; fileRef = 5B0947542660D9FC00EB9517 /* SearchWindow.storyboard */; };
		5B09475A2660DA8300EB9517 /* SearchWindowViewController.swift in Sources */ = {isa = PBXBuildFile; fileRef = 5B0947592660DA8300EB9517 /* SearchWindowViewController.swift */; };
		5B0947832660EA8900EB9517 /* spot.swift in Sources */ = {isa = PBXBuildFile; fileRef = 5B0947822660EA8900EB9517 /* spot.swift */; };
		5B09478A2661181600EB9517 /* GoogleMapScraper.swift in Sources */ = {isa = PBXBuildFile; fileRef = 5B0947892661181600EB9517 /* GoogleMapScraper.swift */; };
		5BD153F5266143D0008DF18D /* GnaviScraper.swift in Sources */ = {isa = PBXBuildFile; fileRef = 5BD153F4266143CF008DF18D /* GnaviScraper.swift */; };
		5BDF331A265BDC4D00501DE0 /* AppDelegate.swift in Sources */ = {isa = PBXBuildFile; fileRef = 5BDF3319265BDC4D00501DE0 /* AppDelegate.swift */; };
		5BDF331C265BDC4D00501DE0 /* SceneDelegate.swift in Sources */ = {isa = PBXBuildFile; fileRef = 5BDF331B265BDC4D00501DE0 /* SceneDelegate.swift */; };
		5BDF331E265BDC4D00501DE0 /* ViewController.swift in Sources */ = {isa = PBXBuildFile; fileRef = 5BDF331D265BDC4D00501DE0 /* ViewController.swift */; };
		5BDF3321265BDC4D00501DE0 /* Main.storyboard in Resources */ = {isa = PBXBuildFile; fileRef = 5BDF331F265BDC4D00501DE0 /* Main.storyboard */; };
		5BDF3323265BDC4E00501DE0 /* Assets.xcassets in Resources */ = {isa = PBXBuildFile; fileRef = 5BDF3322265BDC4E00501DE0 /* Assets.xcassets */; };
		5BDF3326265BDC4E00501DE0 /* LaunchScreen.storyboard in Resources */ = {isa = PBXBuildFile; fileRef = 5BDF3324265BDC4E00501DE0 /* LaunchScreen.storyboard */; };
		5BDF3331265BDC4E00501DE0 /* Hackathon_izuTests.swift in Sources */ = {isa = PBXBuildFile; fileRef = 5BDF3330265BDC4E00501DE0 /* Hackathon_izuTests.swift */; };
		5BDF333C265BDC4E00501DE0 /* Hackathon_izuUITests.swift in Sources */ = {isa = PBXBuildFile; fileRef = 5BDF333B265BDC4E00501DE0 /* Hackathon_izuUITests.swift */; };
		DFDED255FE456EB2B53B3CCC /* Pods_Hackathon_izu.framework in Frameworks */ = {isa = PBXBuildFile; fileRef = DA762085FEF7518B70BABFDE /* Pods_Hackathon_izu.framework */; };
		E1E26A70EB1473B6F9153968 /* Pods_Hackathon_izu_Hackathon_izuUITests.framework in Frameworks */ = {isa = PBXBuildFile; fileRef = 25D72525AB4247BBEC3EE817 /* Pods_Hackathon_izu_Hackathon_izuUITests.framework */; };
/* End PBXBuildFile section */

/* Begin PBXContainerItemProxy section */
		5BDF332D265BDC4E00501DE0 /* PBXContainerItemProxy */ = {
			isa = PBXContainerItemProxy;
			containerPortal = 5BDF330E265BDC4D00501DE0 /* Project object */;
			proxyType = 1;
			remoteGlobalIDString = 5BDF3315265BDC4D00501DE0;
			remoteInfo = "Hackathon-izu";
		};
		5BDF3338265BDC4E00501DE0 /* PBXContainerItemProxy */ = {
			isa = PBXContainerItemProxy;
			containerPortal = 5BDF330E265BDC4D00501DE0 /* Project object */;
			proxyType = 1;
			remoteGlobalIDString = 5BDF3315265BDC4D00501DE0;
			remoteInfo = "Hackathon-izu";
		};
/* End PBXContainerItemProxy section */

/* Begin PBXFileReference section */
		0ECB8847E8CD1E0063330ACF /* Pods-Hackathon-izuTests.debug.xcconfig */ = {isa = PBXFileReference; includeInIndex = 1; lastKnownFileType = text.xcconfig; name = "Pods-Hackathon-izuTests.debug.xcconfig"; path = "Target Support Files/Pods-Hackathon-izuTests/Pods-Hackathon-izuTests.debug.xcconfig"; sourceTree = "<group>"; };
		155A123394F2F987F6C96B86 /* Pods-Hackathon-izu.debug.xcconfig */ = {isa = PBXFileReference; includeInIndex = 1; lastKnownFileType = text.xcconfig; name = "Pods-Hackathon-izu.debug.xcconfig"; path = "Target Support Files/Pods-Hackathon-izu/Pods-Hackathon-izu.debug.xcconfig"; sourceTree = "<group>"; };
		25D72525AB4247BBEC3EE817 /* Pods_Hackathon_izu_Hackathon_izuUITests.framework */ = {isa = PBXFileReference; explicitFileType = wrapper.framework; includeInIndex = 0; path = Pods_Hackathon_izu_Hackathon_izuUITests.framework; sourceTree = BUILT_PRODUCTS_DIR; };
		40DC1F94BE44406903054378 /* Pods_Hackathon_izuTests.framework */ = {isa = PBXFileReference; explicitFileType = wrapper.framework; includeInIndex = 0; path = Pods_Hackathon_izuTests.framework; sourceTree = BUILT_PRODUCTS_DIR; };
		5B0947542660D9FC00EB9517 /* SearchWindow.storyboard */ = {isa = PBXFileReference; lastKnownFileType = file.storyboard; path = SearchWindow.storyboard; sourceTree = "<group>"; };
		5B0947592660DA8300EB9517 /* SearchWindowViewController.swift */ = {isa = PBXFileReference; lastKnownFileType = sourcecode.swift; path = SearchWindowViewController.swift; sourceTree = "<group>"; };
		5B0947822660EA8900EB9517 /* spot.swift */ = {isa = PBXFileReference; lastKnownFileType = sourcecode.swift; path = spot.swift; sourceTree = "<group>"; };
		5B0947892661181600EB9517 /* GoogleMapScraper.swift */ = {isa = PBXFileReference; lastKnownFileType = sourcecode.swift; path = GoogleMapScraper.swift; sourceTree = "<group>"; };
		5B460F4B265D2F0B000BA2BD /* Izu.gpx */ = {isa = PBXFileReference; lastKnownFileType = text.xml; path = Izu.gpx; sourceTree = "<group>"; };
		5BD153F4266143CF008DF18D /* GnaviScraper.swift */ = {isa = PBXFileReference; lastKnownFileType = sourcecode.swift; path = GnaviScraper.swift; sourceTree = "<group>"; };
		5BDF3316265BDC4D00501DE0 /* Hackathon-izu.app */ = {isa = PBXFileReference; explicitFileType = wrapper.application; includeInIndex = 0; path = "Hackathon-izu.app"; sourceTree = BUILT_PRODUCTS_DIR; };
		5BDF3319265BDC4D00501DE0 /* AppDelegate.swift */ = {isa = PBXFileReference; lastKnownFileType = sourcecode.swift; path = AppDelegate.swift; sourceTree = "<group>"; };
		5BDF331B265BDC4D00501DE0 /* SceneDelegate.swift */ = {isa = PBXFileReference; lastKnownFileType = sourcecode.swift; path = SceneDelegate.swift; sourceTree = "<group>"; };
		5BDF331D265BDC4D00501DE0 /* ViewController.swift */ = {isa = PBXFileReference; lastKnownFileType = sourcecode.swift; path = ViewController.swift; sourceTree = "<group>"; };
		5BDF3320265BDC4D00501DE0 /* Base */ = {isa = PBXFileReference; lastKnownFileType = file.storyboard; name = Base; path = Base.lproj/Main.storyboard; sourceTree = "<group>"; };
		5BDF3322265BDC4E00501DE0 /* Assets.xcassets */ = {isa = PBXFileReference; lastKnownFileType = folder.assetcatalog; path = Assets.xcassets; sourceTree = "<group>"; };
		5BDF3325265BDC4E00501DE0 /* Base */ = {isa = PBXFileReference; lastKnownFileType = file.storyboard; name = Base; path = Base.lproj/LaunchScreen.storyboard; sourceTree = "<group>"; };
		5BDF3327265BDC4E00501DE0 /* Info.plist */ = {isa = PBXFileReference; lastKnownFileType = text.plist.xml; path = Info.plist; sourceTree = "<group>"; };
		5BDF332C265BDC4E00501DE0 /* Hackathon-izuTests.xctest */ = {isa = PBXFileReference; explicitFileType = wrapper.cfbundle; includeInIndex = 0; path = "Hackathon-izuTests.xctest"; sourceTree = BUILT_PRODUCTS_DIR; };
		5BDF3330265BDC4E00501DE0 /* Hackathon_izuTests.swift */ = {isa = PBXFileReference; lastKnownFileType = sourcecode.swift; path = Hackathon_izuTests.swift; sourceTree = "<group>"; };
		5BDF3332265BDC4E00501DE0 /* Info.plist */ = {isa = PBXFileReference; lastKnownFileType = text.plist.xml; path = Info.plist; sourceTree = "<group>"; };
		5BDF3337265BDC4E00501DE0 /* Hackathon-izuUITests.xctest */ = {isa = PBXFileReference; explicitFileType = wrapper.cfbundle; includeInIndex = 0; path = "Hackathon-izuUITests.xctest"; sourceTree = BUILT_PRODUCTS_DIR; };
		5BDF333B265BDC4E00501DE0 /* Hackathon_izuUITests.swift */ = {isa = PBXFileReference; lastKnownFileType = sourcecode.swift; path = Hackathon_izuUITests.swift; sourceTree = "<group>"; };
		5BDF333D265BDC4E00501DE0 /* Info.plist */ = {isa = PBXFileReference; lastKnownFileType = text.plist.xml; path = Info.plist; sourceTree = "<group>"; };
		883489F38C421AF1D7E4AB31 /* Pods-Hackathon-izu.release.xcconfig */ = {isa = PBXFileReference; includeInIndex = 1; lastKnownFileType = text.xcconfig; name = "Pods-Hackathon-izu.release.xcconfig"; path = "Target Support Files/Pods-Hackathon-izu/Pods-Hackathon-izu.release.xcconfig"; sourceTree = "<group>"; };
		B898BCD5910EE603A3660428 /* Pods-Hackathon-izu-Hackathon-izuUITests.release.xcconfig */ = {isa = PBXFileReference; includeInIndex = 1; lastKnownFileType = text.xcconfig; name = "Pods-Hackathon-izu-Hackathon-izuUITests.release.xcconfig"; path = "Target Support Files/Pods-Hackathon-izu-Hackathon-izuUITests/Pods-Hackathon-izu-Hackathon-izuUITests.release.xcconfig"; sourceTree = "<group>"; };
		D6B08A539A378CAAC46EAB7C /* Pods-Hackathon-izu-Hackathon-izuUITests.debug.xcconfig */ = {isa = PBXFileReference; includeInIndex = 1; lastKnownFileType = text.xcconfig; name = "Pods-Hackathon-izu-Hackathon-izuUITests.debug.xcconfig"; path = "Target Support Files/Pods-Hackathon-izu-Hackathon-izuUITests/Pods-Hackathon-izu-Hackathon-izuUITests.debug.xcconfig"; sourceTree = "<group>"; };
		DA762085FEF7518B70BABFDE /* Pods_Hackathon_izu.framework */ = {isa = PBXFileReference; explicitFileType = wrapper.framework; includeInIndex = 0; path = Pods_Hackathon_izu.framework; sourceTree = BUILT_PRODUCTS_DIR; };
		E838924D52F8C98AC871092A /* Pods-Hackathon-izuTests.release.xcconfig */ = {isa = PBXFileReference; includeInIndex = 1; lastKnownFileType = text.xcconfig; name = "Pods-Hackathon-izuTests.release.xcconfig"; path = "Target Support Files/Pods-Hackathon-izuTests/Pods-Hackathon-izuTests.release.xcconfig"; sourceTree = "<group>"; };
/* End PBXFileReference section */

/* Begin PBXFrameworksBuildPhase section */
		5BDF3313265BDC4D00501DE0 /* Frameworks */ = {
			isa = PBXFrameworksBuildPhase;
			buildActionMask = 2147483647;
			files = (
				DFDED255FE456EB2B53B3CCC /* Pods_Hackathon_izu.framework in Frameworks */,
			);
			runOnlyForDeploymentPostprocessing = 0;
		};
		5BDF3329265BDC4E00501DE0 /* Frameworks */ = {
			isa = PBXFrameworksBuildPhase;
			buildActionMask = 2147483647;
			files = (
				2129C59E694A27F3DC293212 /* Pods_Hackathon_izuTests.framework in Frameworks */,
			);
			runOnlyForDeploymentPostprocessing = 0;
		};
		5BDF3334265BDC4E00501DE0 /* Frameworks */ = {
			isa = PBXFrameworksBuildPhase;
			buildActionMask = 2147483647;
			files = (
				E1E26A70EB1473B6F9153968 /* Pods_Hackathon_izu_Hackathon_izuUITests.framework in Frameworks */,
			);
			runOnlyForDeploymentPostprocessing = 0;
		};
/* End PBXFrameworksBuildPhase section */

/* Begin PBXGroup section */
		1235DD03D1A03E197CDB33B6 /* Frameworks */ = {
			isa = PBXGroup;
			children = (
				DA762085FEF7518B70BABFDE /* Pods_Hackathon_izu.framework */,
				25D72525AB4247BBEC3EE817 /* Pods_Hackathon_izu_Hackathon_izuUITests.framework */,
				40DC1F94BE44406903054378 /* Pods_Hackathon_izuTests.framework */,
			);
			name = Frameworks;
			sourceTree = "<group>";
		};
		5B0947512660D96F00EB9517 /* Presentation */ = {
			isa = PBXGroup;
			children = (
				5B0947522660D9B400EB9517 /* main */,
				5B0947532660D9D100EB9517 /* search_window */,
			);
			path = Presentation;
			sourceTree = "<group>";
		};
		5B0947522660D9B400EB9517 /* main */ = {
			isa = PBXGroup;
			children = (
				5BDF331D265BDC4D00501DE0 /* ViewController.swift */,
				5BDF331F265BDC4D00501DE0 /* Main.storyboard */,
			);
			path = main;
			sourceTree = "<group>";
		};
		5B0947532660D9D100EB9517 /* search_window */ = {
			isa = PBXGroup;
			children = (
				5B0947542660D9FC00EB9517 /* SearchWindow.storyboard */,
				5B0947592660DA8300EB9517 /* SearchWindowViewController.swift */,
			);
			path = search_window;
			sourceTree = "<group>";
		};
		5B09477E2660EA5100EB9517 /* Models */ = {
			isa = PBXGroup;
			children = (
				5B0947822660EA8900EB9517 /* spot.swift */,
			);
			path = Models;
			sourceTree = "<group>";
		};
		5B0947872660EBDA00EB9517 /* Service */ = {
			isa = PBXGroup;
			children = (
				5B094788266117F400EB9517 /* Scraping */,
			);
			path = Service;
			sourceTree = "<group>";
		};
		5B094788266117F400EB9517 /* Scraping */ = {
			isa = PBXGroup;
			children = (
				5B0947892661181600EB9517 /* GoogleMapScraper.swift */,
				5BD153F4266143CF008DF18D /* GnaviScraper.swift */,
			);
			path = Scraping;
			sourceTree = "<group>";
		};
		5BDF330D265BDC4D00501DE0 = {
			isa = PBXGroup;
			children = (
				5B460F4B265D2F0B000BA2BD /* Izu.gpx */,
				5BDF3318265BDC4D00501DE0 /* Hackathon-izu */,
				5BDF332F265BDC4E00501DE0 /* Hackathon-izuTests */,
				5BDF333A265BDC4E00501DE0 /* Hackathon-izuUITests */,
				5BDF3317265BDC4D00501DE0 /* Products */,
				7C03509B96CE9B1B63223F8C /* Pods */,
				1235DD03D1A03E197CDB33B6 /* Frameworks */,
			);
			sourceTree = "<group>";
		};
		5BDF3317265BDC4D00501DE0 /* Products */ = {
			isa = PBXGroup;
			children = (
				5BDF3316265BDC4D00501DE0 /* Hackathon-izu.app */,
				5BDF332C265BDC4E00501DE0 /* Hackathon-izuTests.xctest */,
				5BDF3337265BDC4E00501DE0 /* Hackathon-izuUITests.xctest */,
			);
			name = Products;
			sourceTree = "<group>";
		};
		5BDF3318265BDC4D00501DE0 /* Hackathon-izu */ = {
			isa = PBXGroup;
			children = (
				5B0947872660EBDA00EB9517 /* Service */,
				5B09477E2660EA5100EB9517 /* Models */,
				5B0947512660D96F00EB9517 /* Presentation */,
				5BDF3319265BDC4D00501DE0 /* AppDelegate.swift */,
				5BDF331B265BDC4D00501DE0 /* SceneDelegate.swift */,
				5BDF3322265BDC4E00501DE0 /* Assets.xcassets */,
				5BDF3324265BDC4E00501DE0 /* LaunchScreen.storyboard */,
				5BDF3327265BDC4E00501DE0 /* Info.plist */,
			);
			path = "Hackathon-izu";
			sourceTree = "<group>";
		};
		5BDF332F265BDC4E00501DE0 /* Hackathon-izuTests */ = {
			isa = PBXGroup;
			children = (
				5BDF3330265BDC4E00501DE0 /* Hackathon_izuTests.swift */,
				5BDF3332265BDC4E00501DE0 /* Info.plist */,
			);
			path = "Hackathon-izuTests";
			sourceTree = "<group>";
		};
		5BDF333A265BDC4E00501DE0 /* Hackathon-izuUITests */ = {
			isa = PBXGroup;
			children = (
				5BDF333B265BDC4E00501DE0 /* Hackathon_izuUITests.swift */,
				5BDF333D265BDC4E00501DE0 /* Info.plist */,
			);
			path = "Hackathon-izuUITests";
			sourceTree = "<group>";
		};
		7C03509B96CE9B1B63223F8C /* Pods */ = {
			isa = PBXGroup;
			children = (
				155A123394F2F987F6C96B86 /* Pods-Hackathon-izu.debug.xcconfig */,
				883489F38C421AF1D7E4AB31 /* Pods-Hackathon-izu.release.xcconfig */,
				D6B08A539A378CAAC46EAB7C /* Pods-Hackathon-izu-Hackathon-izuUITests.debug.xcconfig */,
				B898BCD5910EE603A3660428 /* Pods-Hackathon-izu-Hackathon-izuUITests.release.xcconfig */,
				0ECB8847E8CD1E0063330ACF /* Pods-Hackathon-izuTests.debug.xcconfig */,
				E838924D52F8C98AC871092A /* Pods-Hackathon-izuTests.release.xcconfig */,
			);
			path = Pods;
			sourceTree = "<group>";
		};
/* End PBXGroup section */

/* Begin PBXNativeTarget section */
		5BDF3315265BDC4D00501DE0 /* Hackathon-izu */ = {
			isa = PBXNativeTarget;
			buildConfigurationList = 5BDF3340265BDC4E00501DE0 /* Build configuration list for PBXNativeTarget "Hackathon-izu" */;
			buildPhases = (
				DA8AB9233E237C663965DC7D /* [CP] Check Pods Manifest.lock */,
				5BDF3312265BDC4D00501DE0 /* Sources */,
				5BDF3313265BDC4D00501DE0 /* Frameworks */,
				5BDF3314265BDC4D00501DE0 /* Resources */,
				EE5A35E78BDA406DAD843CAB /* [CP] Embed Pods Frameworks */,
			);
			buildRules = (
			);
			dependencies = (
			);
			name = "Hackathon-izu";
			productName = "Hackathon-izu";
			productReference = 5BDF3316265BDC4D00501DE0 /* Hackathon-izu.app */;
			productType = "com.apple.product-type.application";
		};
		5BDF332B265BDC4E00501DE0 /* Hackathon-izuTests */ = {
			isa = PBXNativeTarget;
			buildConfigurationList = 5BDF3343265BDC4E00501DE0 /* Build configuration list for PBXNativeTarget "Hackathon-izuTests" */;
			buildPhases = (
				2CD7B79D606306232DF1982A /* [CP] Check Pods Manifest.lock */,
				5BDF3328265BDC4E00501DE0 /* Sources */,
				5BDF3329265BDC4E00501DE0 /* Frameworks */,
				5BDF332A265BDC4E00501DE0 /* Resources */,
			);
			buildRules = (
			);
			dependencies = (
				5BDF332E265BDC4E00501DE0 /* PBXTargetDependency */,
			);
			name = "Hackathon-izuTests";
			productName = "Hackathon-izuTests";
			productReference = 5BDF332C265BDC4E00501DE0 /* Hackathon-izuTests.xctest */;
			productType = "com.apple.product-type.bundle.unit-test";
		};
		5BDF3336265BDC4E00501DE0 /* Hackathon-izuUITests */ = {
			isa = PBXNativeTarget;
			buildConfigurationList = 5BDF3346265BDC4E00501DE0 /* Build configuration list for PBXNativeTarget "Hackathon-izuUITests" */;
			buildPhases = (
				846E0D4B9C3DAE8DB6720D55 /* [CP] Check Pods Manifest.lock */,
				5BDF3333265BDC4E00501DE0 /* Sources */,
				5BDF3334265BDC4E00501DE0 /* Frameworks */,
				5BDF3335265BDC4E00501DE0 /* Resources */,
				9863E8D46B39DDA503EB9969 /* [CP] Embed Pods Frameworks */,
			);
			buildRules = (
			);
			dependencies = (
				5BDF3339265BDC4E00501DE0 /* PBXTargetDependency */,
			);
			name = "Hackathon-izuUITests";
			productName = "Hackathon-izuUITests";
			productReference = 5BDF3337265BDC4E00501DE0 /* Hackathon-izuUITests.xctest */;
			productType = "com.apple.product-type.bundle.ui-testing";
		};
/* End PBXNativeTarget section */

/* Begin PBXProject section */
		5BDF330E265BDC4D00501DE0 /* Project object */ = {
			isa = PBXProject;
			attributes = {
				LastSwiftUpdateCheck = 1240;
				LastUpgradeCheck = 1240;
				TargetAttributes = {
					5BDF3315265BDC4D00501DE0 = {
						CreatedOnToolsVersion = 12.4;
					};
					5BDF332B265BDC4E00501DE0 = {
						CreatedOnToolsVersion = 12.4;
						TestTargetID = 5BDF3315265BDC4D00501DE0;
					};
					5BDF3336265BDC4E00501DE0 = {
						CreatedOnToolsVersion = 12.4;
						TestTargetID = 5BDF3315265BDC4D00501DE0;
					};
				};
			};
			buildConfigurationList = 5BDF3311265BDC4D00501DE0 /* Build configuration list for PBXProject "Hackathon-izu" */;
			compatibilityVersion = "Xcode 9.3";
			developmentRegion = en;
			hasScannedForEncodings = 0;
			knownRegions = (
				en,
				Base,
			);
			mainGroup = 5BDF330D265BDC4D00501DE0;
			productRefGroup = 5BDF3317265BDC4D00501DE0 /* Products */;
			projectDirPath = "";
			projectRoot = "";
			targets = (
				5BDF3315265BDC4D00501DE0 /* Hackathon-izu */,
				5BDF332B265BDC4E00501DE0 /* Hackathon-izuTests */,
				5BDF3336265BDC4E00501DE0 /* Hackathon-izuUITests */,
			);
		};
/* End PBXProject section */

/* Begin PBXResourcesBuildPhase section */
		5BDF3314265BDC4D00501DE0 /* Resources */ = {
			isa = PBXResourcesBuildPhase;
			buildActionMask = 2147483647;
			files = (
				5BDF3326265BDC4E00501DE0 /* LaunchScreen.storyboard in Resources */,
				5B0947552660D9FC00EB9517 /* SearchWindow.storyboard in Resources */,
				5BDF3323265BDC4E00501DE0 /* Assets.xcassets in Resources */,
				5BDF3321265BDC4D00501DE0 /* Main.storyboard in Resources */,
			);
			runOnlyForDeploymentPostprocessing = 0;
		};
		5BDF332A265BDC4E00501DE0 /* Resources */ = {
			isa = PBXResourcesBuildPhase;
			buildActionMask = 2147483647;
			files = (
			);
			runOnlyForDeploymentPostprocessing = 0;
		};
		5BDF3335265BDC4E00501DE0 /* Resources */ = {
			isa = PBXResourcesBuildPhase;
			buildActionMask = 2147483647;
			files = (
			);
			runOnlyForDeploymentPostprocessing = 0;
		};
/* End PBXResourcesBuildPhase section */

/* Begin PBXShellScriptBuildPhase section */
		2CD7B79D606306232DF1982A /* [CP] Check Pods Manifest.lock */ = {
			isa = PBXShellScriptBuildPhase;
			buildActionMask = 2147483647;
			files = (
			);
			inputFileListPaths = (
			);
			inputPaths = (
				"${PODS_PODFILE_DIR_PATH}/Podfile.lock",
				"${PODS_ROOT}/Manifest.lock",
			);
			name = "[CP] Check Pods Manifest.lock";
			outputFileListPaths = (
			);
			outputPaths = (
				"$(DERIVED_FILE_DIR)/Pods-Hackathon-izuTests-checkManifestLockResult.txt",
			);
			runOnlyForDeploymentPostprocessing = 0;
			shellPath = /bin/sh;
			shellScript = "diff \"${PODS_PODFILE_DIR_PATH}/Podfile.lock\" \"${PODS_ROOT}/Manifest.lock\" > /dev/null\nif [ $? != 0 ] ; then\n    # print error to STDERR\n    echo \"error: The sandbox is not in sync with the Podfile.lock. Run 'pod install' or update your CocoaPods installation.\" >&2\n    exit 1\nfi\n# This output is used by Xcode 'outputs' to avoid re-running this script phase.\necho \"SUCCESS\" > \"${SCRIPT_OUTPUT_FILE_0}\"\n";
			showEnvVarsInLog = 0;
		};
		846E0D4B9C3DAE8DB6720D55 /* [CP] Check Pods Manifest.lock */ = {
			isa = PBXShellScriptBuildPhase;
			buildActionMask = 2147483647;
			files = (
			);
			inputFileListPaths = (
			);
			inputPaths = (
				"${PODS_PODFILE_DIR_PATH}/Podfile.lock",
				"${PODS_ROOT}/Manifest.lock",
			);
			name = "[CP] Check Pods Manifest.lock";
			outputFileListPaths = (
			);
			outputPaths = (
				"$(DERIVED_FILE_DIR)/Pods-Hackathon-izu-Hackathon-izuUITests-checkManifestLockResult.txt",
			);
			runOnlyForDeploymentPostprocessing = 0;
			shellPath = /bin/sh;
			shellScript = "diff \"${PODS_PODFILE_DIR_PATH}/Podfile.lock\" \"${PODS_ROOT}/Manifest.lock\" > /dev/null\nif [ $? != 0 ] ; then\n    # print error to STDERR\n    echo \"error: The sandbox is not in sync with the Podfile.lock. Run 'pod install' or update your CocoaPods installation.\" >&2\n    exit 1\nfi\n# This output is used by Xcode 'outputs' to avoid re-running this script phase.\necho \"SUCCESS\" > \"${SCRIPT_OUTPUT_FILE_0}\"\n";
			showEnvVarsInLog = 0;
		};
		9863E8D46B39DDA503EB9969 /* [CP] Embed Pods Frameworks */ = {
			isa = PBXShellScriptBuildPhase;
			buildActionMask = 2147483647;
			files = (
			);
			inputFileListPaths = (
				"${PODS_ROOT}/Target Support Files/Pods-Hackathon-izu-Hackathon-izuUITests/Pods-Hackathon-izu-Hackathon-izuUITests-frameworks-${CONFIGURATION}-input-files.xcfilelist",
			);
			name = "[CP] Embed Pods Frameworks";
			outputFileListPaths = (
				"${PODS_ROOT}/Target Support Files/Pods-Hackathon-izu-Hackathon-izuUITests/Pods-Hackathon-izu-Hackathon-izuUITests-frameworks-${CONFIGURATION}-output-files.xcfilelist",
			);
			runOnlyForDeploymentPostprocessing = 0;
			shellPath = /bin/sh;
			shellScript = "\"${PODS_ROOT}/Target Support Files/Pods-Hackathon-izu-Hackathon-izuUITests/Pods-Hackathon-izu-Hackathon-izuUITests-frameworks.sh\"\n";
			showEnvVarsInLog = 0;
		};
		DA8AB9233E237C663965DC7D /* [CP] Check Pods Manifest.lock */ = {
			isa = PBXShellScriptBuildPhase;
			buildActionMask = 2147483647;
			files = (
			);
			inputFileListPaths = (
			);
			inputPaths = (
				"${PODS_PODFILE_DIR_PATH}/Podfile.lock",
				"${PODS_ROOT}/Manifest.lock",
			);
			name = "[CP] Check Pods Manifest.lock";
			outputFileListPaths = (
			);
			outputPaths = (
				"$(DERIVED_FILE_DIR)/Pods-Hackathon-izu-checkManifestLockResult.txt",
			);
			runOnlyForDeploymentPostprocessing = 0;
			shellPath = /bin/sh;
			shellScript = "diff \"${PODS_PODFILE_DIR_PATH}/Podfile.lock\" \"${PODS_ROOT}/Manifest.lock\" > /dev/null\nif [ $? != 0 ] ; then\n    # print error to STDERR\n    echo \"error: The sandbox is not in sync with the Podfile.lock. Run 'pod install' or update your CocoaPods installation.\" >&2\n    exit 1\nfi\n# This output is used by Xcode 'outputs' to avoid re-running this script phase.\necho \"SUCCESS\" > \"${SCRIPT_OUTPUT_FILE_0}\"\n";
			showEnvVarsInLog = 0;
		};
		EE5A35E78BDA406DAD843CAB /* [CP] Embed Pods Frameworks */ = {
			isa = PBXShellScriptBuildPhase;
			buildActionMask = 2147483647;
			files = (
			);
			inputFileListPaths = (
				"${PODS_ROOT}/Target Support Files/Pods-Hackathon-izu/Pods-Hackathon-izu-frameworks-${CONFIGURATION}-input-files.xcfilelist",
			);
			name = "[CP] Embed Pods Frameworks";
			outputFileListPaths = (
				"${PODS_ROOT}/Target Support Files/Pods-Hackathon-izu/Pods-Hackathon-izu-frameworks-${CONFIGURATION}-output-files.xcfilelist",
			);
			runOnlyForDeploymentPostprocessing = 0;
			shellPath = /bin/sh;
			shellScript = "\"${PODS_ROOT}/Target Support Files/Pods-Hackathon-izu/Pods-Hackathon-izu-frameworks.sh\"\n";
			showEnvVarsInLog = 0;
		};
/* End PBXShellScriptBuildPhase section */

/* Begin PBXSourcesBuildPhase section */
		5BDF3312265BDC4D00501DE0 /* Sources */ = {
			isa = PBXSourcesBuildPhase;
			buildActionMask = 2147483647;
			files = (
				5BD153F5266143D0008DF18D /* GnaviScraper.swift in Sources */,
				5B09475A2660DA8300EB9517 /* SearchWindowViewController.swift in Sources */,
				5B09478A2661181600EB9517 /* GoogleMapScraper.swift in Sources */,
				5BDF331E265BDC4D00501DE0 /* ViewController.swift in Sources */,
				5BDF331A265BDC4D00501DE0 /* AppDelegate.swift in Sources */,
				5BDF331C265BDC4D00501DE0 /* SceneDelegate.swift in Sources */,
				5B0947832660EA8900EB9517 /* spot.swift in Sources */,
			);
			runOnlyForDeploymentPostprocessing = 0;
		};
		5BDF3328265BDC4E00501DE0 /* Sources */ = {
			isa = PBXSourcesBuildPhase;
			buildActionMask = 2147483647;
			files = (
				5BDF3331265BDC4E00501DE0 /* Hackathon_izuTests.swift in Sources */,
			);
			runOnlyForDeploymentPostprocessing = 0;
		};
		5BDF3333265BDC4E00501DE0 /* Sources */ = {
			isa = PBXSourcesBuildPhase;
			buildActionMask = 2147483647;
			files = (
				5BDF333C265BDC4E00501DE0 /* Hackathon_izuUITests.swift in Sources */,
			);
			runOnlyForDeploymentPostprocessing = 0;
		};
/* End PBXSourcesBuildPhase section */

/* Begin PBXTargetDependency section */
		5BDF332E265BDC4E00501DE0 /* PBXTargetDependency */ = {
			isa = PBXTargetDependency;
			target = 5BDF3315265BDC4D00501DE0 /* Hackathon-izu */;
			targetProxy = 5BDF332D265BDC4E00501DE0 /* PBXContainerItemProxy */;
		};
		5BDF3339265BDC4E00501DE0 /* PBXTargetDependency */ = {
			isa = PBXTargetDependency;
			target = 5BDF3315265BDC4D00501DE0 /* Hackathon-izu */;
			targetProxy = 5BDF3338265BDC4E00501DE0 /* PBXContainerItemProxy */;
		};
/* End PBXTargetDependency section */

/* Begin PBXVariantGroup section */
		5BDF331F265BDC4D00501DE0 /* Main.storyboard */ = {
			isa = PBXVariantGroup;
			children = (
				5BDF3320265BDC4D00501DE0 /* Base */,
			);
			name = Main.storyboard;
			sourceTree = "<group>";
		};
		5BDF3324265BDC4E00501DE0 /* LaunchScreen.storyboard */ = {
			isa = PBXVariantGroup;
			children = (
				5BDF3325265BDC4E00501DE0 /* Base */,
			);
			name = LaunchScreen.storyboard;
			sourceTree = "<group>";
		};
/* End PBXVariantGroup section */

/* Begin XCBuildConfiguration section */
		5BDF333E265BDC4E00501DE0 /* Debug */ = {
			isa = XCBuildConfiguration;
			buildSettings = {
				ALWAYS_SEARCH_USER_PATHS = NO;
				CLANG_ANALYZER_NONNULL = YES;
				CLANG_ANALYZER_NUMBER_OBJECT_CONVERSION = YES_AGGRESSIVE;
				CLANG_CXX_LANGUAGE_STANDARD = "gnu++14";
				CLANG_CXX_LIBRARY = "libc++";
				CLANG_ENABLE_MODULES = YES;
				CLANG_ENABLE_OBJC_ARC = YES;
				CLANG_ENABLE_OBJC_WEAK = YES;
				CLANG_WARN_BLOCK_CAPTURE_AUTORELEASING = YES;
				CLANG_WARN_BOOL_CONVERSION = YES;
				CLANG_WARN_COMMA = YES;
				CLANG_WARN_CONSTANT_CONVERSION = YES;
				CLANG_WARN_DEPRECATED_OBJC_IMPLEMENTATIONS = YES;
				CLANG_WARN_DIRECT_OBJC_ISA_USAGE = YES_ERROR;
				CLANG_WARN_DOCUMENTATION_COMMENTS = YES;
				CLANG_WARN_EMPTY_BODY = YES;
				CLANG_WARN_ENUM_CONVERSION = YES;
				CLANG_WARN_INFINITE_RECURSION = YES;
				CLANG_WARN_INT_CONVERSION = YES;
				CLANG_WARN_NON_LITERAL_NULL_CONVERSION = YES;
				CLANG_WARN_OBJC_IMPLICIT_RETAIN_SELF = YES;
				CLANG_WARN_OBJC_LITERAL_CONVERSION = YES;
				CLANG_WARN_OBJC_ROOT_CLASS = YES_ERROR;
				CLANG_WARN_QUOTED_INCLUDE_IN_FRAMEWORK_HEADER = YES;
				CLANG_WARN_RANGE_LOOP_ANALYSIS = YES;
				CLANG_WARN_STRICT_PROTOTYPES = YES;
				CLANG_WARN_SUSPICIOUS_MOVE = YES;
				CLANG_WARN_UNGUARDED_AVAILABILITY = YES_AGGRESSIVE;
				CLANG_WARN_UNREACHABLE_CODE = YES;
				CLANG_WARN__DUPLICATE_METHOD_MATCH = YES;
				COPY_PHASE_STRIP = NO;
				DEBUG_INFORMATION_FORMAT = "dwarf-with-dsym";
				ENABLE_STRICT_OBJC_MSGSEND = YES;
				ENABLE_TESTABILITY = YES;
				GCC_C_LANGUAGE_STANDARD = gnu11;
				GCC_DYNAMIC_NO_PIC = NO;
				GCC_NO_COMMON_BLOCKS = YES;
				GCC_OPTIMIZATION_LEVEL = 0;
				GCC_PREPROCESSOR_DEFINITIONS = (
					"DEBUG=1",
					"$(inherited)",
				);
				GCC_WARN_64_TO_32_BIT_CONVERSION = YES;
				GCC_WARN_ABOUT_RETURN_TYPE = YES_ERROR;
				GCC_WARN_UNDECLARED_SELECTOR = YES;
				GCC_WARN_UNINITIALIZED_AUTOS = YES_AGGRESSIVE;
				GCC_WARN_UNUSED_FUNCTION = YES;
				GCC_WARN_UNUSED_VARIABLE = YES;
				IPHONEOS_DEPLOYMENT_TARGET = 14.4;
				MTL_ENABLE_DEBUG_INFO = INCLUDE_SOURCE;
				MTL_FAST_MATH = YES;
				ONLY_ACTIVE_ARCH = YES;
				SDKROOT = iphoneos;
				SWIFT_ACTIVE_COMPILATION_CONDITIONS = DEBUG;
				SWIFT_OPTIMIZATION_LEVEL = "-Onone";
				SWIFT_VERSION = 5.0;
			};
			name = Debug;
		};
		5BDF333F265BDC4E00501DE0 /* Release */ = {
			isa = XCBuildConfiguration;
			buildSettings = {
				ALWAYS_SEARCH_USER_PATHS = NO;
				CLANG_ANALYZER_NONNULL = YES;
				CLANG_ANALYZER_NUMBER_OBJECT_CONVERSION = YES_AGGRESSIVE;
				CLANG_CXX_LANGUAGE_STANDARD = "gnu++14";
				CLANG_CXX_LIBRARY = "libc++";
				CLANG_ENABLE_MODULES = YES;
				CLANG_ENABLE_OBJC_ARC = YES;
				CLANG_ENABLE_OBJC_WEAK = YES;
				CLANG_WARN_BLOCK_CAPTURE_AUTORELEASING = YES;
				CLANG_WARN_BOOL_CONVERSION = YES;
				CLANG_WARN_COMMA = YES;
				CLANG_WARN_CONSTANT_CONVERSION = YES;
				CLANG_WARN_DEPRECATED_OBJC_IMPLEMENTATIONS = YES;
				CLANG_WARN_DIRECT_OBJC_ISA_USAGE = YES_ERROR;
				CLANG_WARN_DOCUMENTATION_COMMENTS = YES;
				CLANG_WARN_EMPTY_BODY = YES;
				CLANG_WARN_ENUM_CONVERSION = YES;
				CLANG_WARN_INFINITE_RECURSION = YES;
				CLANG_WARN_INT_CONVERSION = YES;
				CLANG_WARN_NON_LITERAL_NULL_CONVERSION = YES;
				CLANG_WARN_OBJC_IMPLICIT_RETAIN_SELF = YES;
				CLANG_WARN_OBJC_LITERAL_CONVERSION = YES;
				CLANG_WARN_OBJC_ROOT_CLASS = YES_ERROR;
				CLANG_WARN_QUOTED_INCLUDE_IN_FRAMEWORK_HEADER = YES;
				CLANG_WARN_RANGE_LOOP_ANALYSIS = YES;
				CLANG_WARN_STRICT_PROTOTYPES = YES;
				CLANG_WARN_SUSPICIOUS_MOVE = YES;
				CLANG_WARN_UNGUARDED_AVAILABILITY = YES_AGGRESSIVE;
				CLANG_WARN_UNREACHABLE_CODE = YES;
				CLANG_WARN__DUPLICATE_METHOD_MATCH = YES;
				COPY_PHASE_STRIP = NO;
				DEBUG_INFORMATION_FORMAT = "dwarf-with-dsym";
				ENABLE_NS_ASSERTIONS = NO;
				ENABLE_STRICT_OBJC_MSGSEND = YES;
				GCC_C_LANGUAGE_STANDARD = gnu11;
				GCC_NO_COMMON_BLOCKS = YES;
				GCC_WARN_64_TO_32_BIT_CONVERSION = YES;
				GCC_WARN_ABOUT_RETURN_TYPE = YES_ERROR;
				GCC_WARN_UNDECLARED_SELECTOR = YES;
				GCC_WARN_UNINITIALIZED_AUTOS = YES_AGGRESSIVE;
				GCC_WARN_UNUSED_FUNCTION = YES;
				GCC_WARN_UNUSED_VARIABLE = YES;
				IPHONEOS_DEPLOYMENT_TARGET = 14.4;
				MTL_ENABLE_DEBUG_INFO = NO;
				MTL_FAST_MATH = YES;
				SDKROOT = iphoneos;
				SWIFT_COMPILATION_MODE = wholemodule;
				SWIFT_OPTIMIZATION_LEVEL = "-O";
				SWIFT_VERSION = 5.0;
				VALIDATE_PRODUCT = YES;
			};
			name = Release;
		};
		5BDF3341265BDC4E00501DE0 /* Debug */ = {
			isa = XCBuildConfiguration;
			baseConfigurationReference = 155A123394F2F987F6C96B86 /* Pods-Hackathon-izu.debug.xcconfig */;
			buildSettings = {
				ASSETCATALOG_COMPILER_APPICON_NAME = AppIcon;
				ASSETCATALOG_COMPILER_GLOBAL_ACCENT_COLOR_NAME = AccentColor;
				CODE_SIGN_STYLE = Automatic;
				INFOPLIST_FILE = "Hackathon-izu/Info.plist";
				LD_RUNPATH_SEARCH_PATHS = (
					"$(inherited)",
					"@executable_path/Frameworks",
				);
				PRODUCT_BUNDLE_IDENTIFIER = "com.villa.Hackathon-izu";
				PRODUCT_NAME = "$(TARGET_NAME)";
				SWIFT_VERSION = 5.0;
				TARGETED_DEVICE_FAMILY = "1,2";
			};
			name = Debug;
		};
		5BDF3342265BDC4E00501DE0 /* Release */ = {
			isa = XCBuildConfiguration;
			baseConfigurationReference = 883489F38C421AF1D7E4AB31 /* Pods-Hackathon-izu.release.xcconfig */;
			buildSettings = {
				ASSETCATALOG_COMPILER_APPICON_NAME = AppIcon;
				ASSETCATALOG_COMPILER_GLOBAL_ACCENT_COLOR_NAME = AccentColor;
				CODE_SIGN_STYLE = Automatic;
				INFOPLIST_FILE = "Hackathon-izu/Info.plist";
				LD_RUNPATH_SEARCH_PATHS = (
					"$(inherited)",
					"@executable_path/Frameworks",
				);
				PRODUCT_BUNDLE_IDENTIFIER = "com.villa.Hackathon-izu";
				PRODUCT_NAME = "$(TARGET_NAME)";
				SWIFT_VERSION = 5.0;
				TARGETED_DEVICE_FAMILY = "1,2";
			};
			name = Release;
		};
		5BDF3344265BDC4E00501DE0 /* Debug */ = {
			isa = XCBuildConfiguration;
			baseConfigurationReference = 0ECB8847E8CD1E0063330ACF /* Pods-Hackathon-izuTests.debug.xcconfig */;
			buildSettings = {
				ALWAYS_EMBED_SWIFT_STANDARD_LIBRARIES = YES;
				BUNDLE_LOADER = "$(TEST_HOST)";
				CODE_SIGN_STYLE = Automatic;
				INFOPLIST_FILE = "Hackathon-izuTests/Info.plist";
				IPHONEOS_DEPLOYMENT_TARGET = 14.4;
				LD_RUNPATH_SEARCH_PATHS = (
					"$(inherited)",
					"@executable_path/Frameworks",
					"@loader_path/Frameworks",
				);
				PRODUCT_BUNDLE_IDENTIFIER = "com.villa.Hackathon-izuTests";
				PRODUCT_NAME = "$(TARGET_NAME)";
				SWIFT_VERSION = 5.0;
				TARGETED_DEVICE_FAMILY = "1,2";
				TEST_HOST = "$(BUILT_PRODUCTS_DIR)/Hackathon-izu.app/Hackathon-izu";
			};
			name = Debug;
		};
		5BDF3345265BDC4E00501DE0 /* Release */ = {
			isa = XCBuildConfiguration;
			baseConfigurationReference = E838924D52F8C98AC871092A /* Pods-Hackathon-izuTests.release.xcconfig */;
			buildSettings = {
				ALWAYS_EMBED_SWIFT_STANDARD_LIBRARIES = YES;
				BUNDLE_LOADER = "$(TEST_HOST)";
				CODE_SIGN_STYLE = Automatic;
				INFOPLIST_FILE = "Hackathon-izuTests/Info.plist";
				IPHONEOS_DEPLOYMENT_TARGET = 14.4;
				LD_RUNPATH_SEARCH_PATHS = (
					"$(inherited)",
					"@executable_path/Frameworks",
					"@loader_path/Frameworks",
				);
				PRODUCT_BUNDLE_IDENTIFIER = "com.villa.Hackathon-izuTests";
				PRODUCT_NAME = "$(TARGET_NAME)";
				SWIFT_VERSION = 5.0;
				TARGETED_DEVICE_FAMILY = "1,2";
				TEST_HOST = "$(BUILT_PRODUCTS_DIR)/Hackathon-izu.app/Hackathon-izu";
			};
			name = Release;
		};
		5BDF3347265BDC4E00501DE0 /* Debug */ = {
			isa = XCBuildConfiguration;
			baseConfigurationReference = D6B08A539A378CAAC46EAB7C /* Pods-Hackathon-izu-Hackathon-izuUITests.debug.xcconfig */;
			buildSettings = {
				ALWAYS_EMBED_SWIFT_STANDARD_LIBRARIES = YES;
				CODE_SIGN_STYLE = Automatic;
				INFOPLIST_FILE = "Hackathon-izuUITests/Info.plist";
				LD_RUNPATH_SEARCH_PATHS = (
					"$(inherited)",
					"@executable_path/Frameworks",
					"@loader_path/Frameworks",
				);
				PRODUCT_BUNDLE_IDENTIFIER = "com.villa.Hackathon-izuUITests";
				PRODUCT_NAME = "$(TARGET_NAME)";
				SWIFT_VERSION = 5.0;
				TARGETED_DEVICE_FAMILY = "1,2";
				TEST_TARGET_NAME = "Hackathon-izu";
			};
			name = Debug;
		};
		5BDF3348265BDC4E00501DE0 /* Release */ = {
			isa = XCBuildConfiguration;
			baseConfigurationReference = B898BCD5910EE603A3660428 /* Pods-Hackathon-izu-Hackathon-izuUITests.release.xcconfig */;
			buildSettings = {
				ALWAYS_EMBED_SWIFT_STANDARD_LIBRARIES = YES;
				CODE_SIGN_STYLE = Automatic;
				INFOPLIST_FILE = "Hackathon-izuUITests/Info.plist";
				LD_RUNPATH_SEARCH_PATHS = (
					"$(inherited)",
					"@executable_path/Frameworks",
					"@loader_path/Frameworks",
				);
				PRODUCT_BUNDLE_IDENTIFIER = "com.villa.Hackathon-izuUITests";
				PRODUCT_NAME = "$(TARGET_NAME)";
				SWIFT_VERSION = 5.0;
				TARGETED_DEVICE_FAMILY = "1,2";
				TEST_TARGET_NAME = "Hackathon-izu";
			};
			name = Release;
		};
/* End XCBuildConfiguration section */

/* Begin XCConfigurationList section */
		5BDF3311265BDC4D00501DE0 /* Build configuration list for PBXProject "Hackathon-izu" */ = {
			isa = XCConfigurationList;
			buildConfigurations = (
				5BDF333E265BDC4E00501DE0 /* Debug */,
				5BDF333F265BDC4E00501DE0 /* Release */,
			);
			defaultConfigurationIsVisible = 0;
			defaultConfigurationName = Release;
		};
		5BDF3340265BDC4E00501DE0 /* Build configuration list for PBXNativeTarget "Hackathon-izu" */ = {
			isa = XCConfigurationList;
			buildConfigurations = (
				5BDF3341265BDC4E00501DE0 /* Debug */,
				5BDF3342265BDC4E00501DE0 /* Release */,
			);
			defaultConfigurationIsVisible = 0;
			defaultConfigurationName = Release;
		};
		5BDF3343265BDC4E00501DE0 /* Build configuration list for PBXNativeTarget "Hackathon-izuTests" */ = {
			isa = XCConfigurationList;
			buildConfigurations = (
				5BDF3344265BDC4E00501DE0 /* Debug */,
				5BDF3345265BDC4E00501DE0 /* Release */,
			);
			defaultConfigurationIsVisible = 0;
			defaultConfigurationName = Release;
		};
		5BDF3346265BDC4E00501DE0 /* Build configuration list for PBXNativeTarget "Hackathon-izuUITests" */ = {
			isa = XCConfigurationList;
			buildConfigurations = (
				5BDF3347265BDC4E00501DE0 /* Debug */,
				5BDF3348265BDC4E00501DE0 /* Release */,
			);
			defaultConfigurationIsVisible = 0;
			defaultConfigurationName = Release;
		};
/* End XCConfigurationList section */
	};
	rootObject = 5BDF330E265BDC4D00501DE0 /* Project object */;
}
