PODS:
  - Erik (5.0.0):
    - Erik/Core (= 5.0.0)
    - Kanna
  - Erik/Core (5.0.0):
    - Kanna
  - FloatingPanel (2.2.0)
  - Kanna (5.2.4)

DEPENDENCIES:
  - Erik
  - FloatingPanel

SPEC REPOS:
  trunk:
    - Erik
    - FloatingPanel
    - Kanna

SPEC CHECKSUMS:
  Erik: 660e6bc7fe68a0c17e0f50142ae2d8168426c22e
  FloatingPanel: 54b478292da5340317ce78afcaca88fab6f3b57e
  Kanna: b9d00d7c11428308c7f95e1f1f84b8205f567a8f

PODFILE CHECKSUM: c7a6a9965d7e306c525d24343d5293b3752a5eba

COCOAPODS: 1.10.1
